
Microsoft Visual Studio Solution File, Format Version 12.00
# Visual Studio Version 17
VisualStudioVersion = 17.9.34701.34
MinimumVisualStudioVersion = 10.0.40219.1
Project("{FAE04EC0-301F-11D3-BF4B-00C04F79EFBC}") = "PetShop", "PetShop.csproj", "{C75D817D-D652-4AFD-932F-092247C753F3}"
EndProject
Global
	GlobalSection(SolutionConfigurationPlatforms) = preSolution
		Debug|Any CPU = Debug|Any CPU
		Release|Any CPU = Release|Any CPU
	EndGlobalSection
	GlobalSection(ProjectConfigurationPlatforms) = postSolution
		{C75D817D-D652-4AFD-932F-092247C753F3}.Debug|Any CPU.ActiveCfg = Debug|Any CPU
		{C75D817D-D652-4AFD-932F-092247C753F3}.Debug|Any CPU.Build.0 = Debug|Any CPU
		{C75D817D-D652-4AFD-932F-092247C753F3}.Release|Any CPU.ActiveCfg = Release|Any CPU
		{C75D817D-D652-4AFD-932F-092247C753F3}.Release|Any CPU.Build.0 = Release|Any CPU
	EndGlobalSection
	GlobalSection(SolutionProperties) = preSolution
		HideSolutionNode = FALSE
	EndGlobalSection
	GlobalSection(ExtensibilityGlobals) = postSolution
		SolutionGuid = {9548BEF7-AC6D-4CB8-B36E-5088BC015563}
	EndGlobalSection
EndGlobal
